// !$*UTF8*$!
{
	archiveVersion = 1;
	classes = {
	};
	objectVersion = 50;
	objects = {

/* Begin PBXBuildFile section */
		AAC3749D20E1D69800FF0336 /* AppDelegate.m in Sources */ = {isa = PBXBuildFile; fileRef = AAC3749C20E1D69800FF0336 /* AppDelegate.m */; };
		AAC374A020E1D69800FF0336 /* ViewController.m in Sources */ = {isa = PBXBuildFile; fileRef = AAC3749F20E1D69800FF0336 /* ViewController.m */; };
		AAC374A320E1D69800FF0336 /* Main.storyboard in Resources */ = {isa = PBXBuildFile; fileRef = AAC374A120E1D69800FF0336 /* Main.storyboard */; };
		AAC374A520E1D69900FF0336 /* Assets.xcassets in Resources */ = {isa = PBXBuildFile; fileRef = AAC374A420E1D69900FF0336 /* Assets.xcassets */; };
		AAC374A820E1D69900FF0336 /* LaunchScreen.storyboard in Resources */ = {isa = PBXBuildFile; fileRef = AAC374A620E1D69900FF0336 /* LaunchScreen.storyboard */; };
		AAC374AB20E1D69900FF0336 /* main.m in Sources */ = {isa = PBXBuildFile; fileRef = AAC374AA20E1D69900FF0336 /* main.m */; };
		EFEA743AA569F28BA522ABCF /* Pods_MapFindHouse.framework in Frameworks */ = {isa = PBXBuildFile; fileRef = 9DE33E5336E7092DEA69479E /* Pods_MapFindHouse.framework */; };
/* End PBXBuildFile section */

/* Begin PBXFileReference section */
		9DE33E5336E7092DEA69479E /* Pods_MapFindHouse.framework */ = {isa = PBXFileReference; explicitFileType = wrapper.framework; includeInIndex = 0; path = Pods_MapFindHouse.framework; sourceTree = BUILT_PRODUCTS_DIR; };
		A281F9F1881EB7AEECD024E3 /* Pods-MapFindHouse.debug.xcconfig */ = {isa = PBXFileReference; includeInIndex = 1; lastKnownFileType = text.xcconfig; name = "Pods-MapFindHouse.debug.xcconfig"; path = "Pods/Target Support Files/Pods-MapFindHouse/Pods-MapFindHouse.debug.xcconfig"; sourceTree = "<group>"; };
		AAC3749820E1D69800FF0336 /* MapFindHouse.app */ = {isa = PBXFileReference; explicitFileType = wrapper.application; includeInIndex = 0; path = MapFindHouse.app; sourceTree = BUILT_PRODUCTS_DIR; };
		AAC3749B20E1D69800FF0336 /* AppDelegate.h */ = {isa = PBXFileReference; lastKnownFileType = sourcecode.c.h; path = AppDelegate.h; sourceTree = "<group>"; };
		AAC3749C20E1D69800FF0336 /* AppDelegate.m */ = {isa = PBXFileReference; lastKnownFileType = sourcecode.c.objc; path = AppDelegate.m; sourceTree = "<group>"; };
		AAC3749E20E1D69800FF0336 /* ViewController.h */ = {isa = PBXFileReference; lastKnownFileType = sourcecode.c.h; path = ViewController.h; sourceTree = "<group>"; };
		AAC3749F20E1D69800FF0336 /* ViewController.m */ = {isa = PBXFileReference; lastKnownFileType = sourcecode.c.objc; path = ViewController.m; sourceTree = "<group>"; };
		AAC374A220E1D69800FF0336 /* Base */ = {isa = PBXFileReference; lastKnownFileType = file.storyboard; name = Base; path = Base.lproj/Main.storyboard; sourceTree = "<group>"; };
		AAC374A420E1D69900FF0336 /* Assets.xcassets */ = {isa = PBXFileReference; lastKnownFileType = folder.assetcatalog; path = Assets.xcassets; sourceTree = "<group>"; };
		AAC374A720E1D69900FF0336 /* Base */ = {isa = PBXFileReference; lastKnownFileType = file.storyboard; name = Base; path = Base.lproj/LaunchScreen.storyboard; sourceTree = "<group>"; };
		AAC374A920E1D69900FF0336 /* Info.plist */ = {isa = PBXFileReference; lastKnownFileType = text.plist.xml; path = Info.plist; sourceTree = "<group>"; };
		AAC374AA20E1D69900FF0336 /* main.m */ = {isa = PBXFileReference; lastKnownFileType = sourcecode.c.objc; path = main.m; sourceTree = "<group>"; };
		C2C6B4C1138B16427E1073EF /* Pods-MapFindHouse.release.xcconfig */ = {isa = PBXFileReference; includeInIndex = 1; lastKnownFileType = text.xcconfig; name = "Pods-MapFindHouse.release.xcconfig"; path = "Pods/Target Support Files/Pods-MapFindHouse/Pods-MapFindHouse.release.xcconfig"; sourceTree = "<group>"; };
/* End PBXFileReference section */

/* Begin PBXFrameworksBuildPhase section */
		AAC3749520E1D69800FF0336 /* Frameworks */ = {
			isa = PBXFrameworksBuildPhase;
			buildActionMask = 2147483647;
			files = (
				EFEA743AA569F28BA522ABCF /* Pods_MapFindHouse.framework in Frameworks */,
			);
			runOnlyForDeploymentPostprocessing = 0;
		};
/* End PBXFrameworksBuildPhase section */

/* Begin PBXGroup section */
		48E01BB7E5B2591B0F6DB7BE /* Frameworks */ = {
			isa = PBXGroup;
			children = (
				9DE33E5336E7092DEA69479E /* Pods_MapFindHouse.framework */,
			);
			name = Frameworks;
			sourceTree = "<group>";
		};
		537021E2F971ABF9771EAE58 /* Pods */ = {
			isa = PBXGroup;
			children = (
				A281F9F1881EB7AEECD024E3 /* Pods-MapFindHouse.debug.xcconfig */,
				C2C6B4C1138B16427E1073EF /* Pods-MapFindHouse.release.xcconfig */,
			);
			name = Pods;
			sourceTree = "<group>";
		};
		AAC3748F20E1D69800FF0336 = {
			isa = PBXGroup;
			children = (
				AAC3749A20E1D69800FF0336 /* MapFindHouse */,
				AAC3749920E1D69800FF0336 /* Products */,
				537021E2F971ABF9771EAE58 /* Pods */,
				48E01BB7E5B2591B0F6DB7BE /* Frameworks */,
			);
			sourceTree = "<group>";
		};
		AAC3749920E1D69800FF0336 /* Products */ = {
			isa = PBXGroup;
			children = (
				AAC3749820E1D69800FF0336 /* MapFindHouse.app */,
			);
			name = Products;
			sourceTree = "<group>";
		};
		AAC3749A20E1D69800FF0336 /* MapFindHouse */ = {
			isa = PBXGroup;
			children = (
				AAC3749B20E1D69800FF0336 /* AppDelegate.h */,
				AAC3749C20E1D69800FF0336 /* AppDelegate.m */,
				AAC3749E20E1D69800FF0336 /* ViewController.h */,
				AAC3749F20E1D69800FF0336 /* ViewController.m */,
				AAC374A120E1D69800FF0336 /* Main.storyboard */,
				AAC374A420E1D69900FF0336 /* Assets.xcassets */,
				AAC374A620E1D69900FF0336 /* LaunchScreen.storyboard */,
				AAC374A920E1D69900FF0336 /* Info.plist */,
				AAC374AA20E1D69900FF0336 /* main.m */,
			);
			path = MapFindHouse;
			sourceTree = "<group>";
		};
/* End PBXGroup section */

/* Begin PBXNativeTarget section */
		AAC3749720E1D69800FF0336 /* MapFindHouse */ = {
			isa = PBXNativeTarget;
			buildConfigurationList = AAC374AE20E1D69900FF0336 /* Build configuration list for PBXNativeTarget "MapFindHouse" */;
			buildPhases = (
				863A9FA86404CECA7EB20A08 /* [CP] Check Pods Manifest.lock */,
				AAC3749420E1D69800FF0336 /* Sources */,
				AAC3749520E1D69800FF0336 /* Frameworks */,
				AAC3749620E1D69800FF0336 /* Resources */,
				A03E5208C413DD59C8D28869 /* [CP] Embed Pods Frameworks */,
				669AA25F38473DB53133D41A /* [CP] Copy Pods Resources */,
			);
			buildRules = (
			);
			dependencies = (
			);
			name = MapFindHouse;
			productName = MapFindHouse;
			productReference = AAC3749820E1D69800FF0336 /* MapFindHouse.app */;
			productType = "com.apple.product-type.application";
		};
/* End PBXNativeTarget section */

/* Begin PBXProject section */
		AAC3749020E1D69800FF0336 /* Project object */ = {
			isa = PBXProject;
			attributes = {
				LastUpgradeCheck = 0930;
				ORGANIZATIONNAME = fuzhangwang;
				TargetAttributes = {
					AAC3749720E1D69800FF0336 = {
						CreatedOnToolsVersion = 9.3;
					};
				};
			};
			buildConfigurationList = AAC3749320E1D69800FF0336 /* Build configuration list for PBXProject "MapFindHouse" */;
			compatibilityVersion = "Xcode 9.3";
			developmentRegion = en;
			hasScannedForEncodings = 0;
			knownRegions = (
				en,
				Base,
			);
			mainGroup = AAC3748F20E1D69800FF0336;
			productRefGroup = AAC3749920E1D69800FF0336 /* Products */;
			projectDirPath = "";
			projectRoot = "";
			targets = (
				AAC3749720E1D69800FF0336 /* MapFindHouse */,
			);
		};
/* End PBXProject section */

/* Begin PBXResourcesBuildPhase section */
		AAC3749620E1D69800FF0336 /* Resources */ = {
			isa = PBXResourcesBuildPhase;
			buildActionMask = 2147483647;
			files = (
				AAC374A820E1D69900FF0336 /* LaunchScreen.storyboard in Resources */,
				AAC374A520E1D69900FF0336 /* Assets.xcassets in Resources */,
				AAC374A320E1D69800FF0336 /* Main.storyboard in Resources */,
			);
			runOnlyForDeploymentPostprocessing = 0;
		};
/* End PBXResourcesBuildPhase section */

/* Begin PBXShellScriptBuildPhase section */
		669AA25F38473DB53133D41A /* [CP] Copy Pods Resources */ = {
			isa = PBXShellScriptBuildPhase;
			buildActionMask = 2147483647;
			files = (
			);
			inputPaths = (
			);
			name = "[CP] Copy Pods Resources";
			outputPaths = (
			);
			runOnlyForDeploymentPostprocessing = 0;
			shellPath = /bin/sh;
			shellScript = "\"${SRCROOT}/Pods/Target Support Files/Pods-MapFindHouse/Pods-MapFindHouse-resources.sh\"\n";
			showEnvVarsInLog = 0;
		};
		863A9FA86404CECA7EB20A08 /* [CP] Check Pods Manifest.lock */ = {
			isa = PBXShellScriptBuildPhase;
			buildActionMask = 2147483647;
			files = (
			);
			inputPaths = (
				"${PODS_PODFILE_DIR_PATH}/Podfile.lock",
				"${PODS_ROOT}/Manifest.lock",
			);
			name = "[CP] Check Pods Manifest.lock";
			outputPaths = (
				"$(DERIVED_FILE_DIR)/Pods-MapFindHouse-checkManifestLockResult.txt",
			);
			runOnlyForDeploymentPostprocessing = 0;
			shellPath = /bin/sh;
			shellScript = "diff \"${PODS_PODFILE_DIR_PATH}/Podfile.lock\" \"${PODS_ROOT}/Manifest.lock\" > /dev/null\nif [ $? != 0 ] ; then\n    # print error to STDERR\n    echo \"error: The sandbox is not in sync with the Podfile.lock. Run 'pod install' or update your CocoaPods installation.\" >&2\n    exit 1\nfi\n# This output is used by Xcode 'outputs' to avoid re-running this script phase.\necho \"SUCCESS\" > \"${SCRIPT_OUTPUT_FILE_0}\"\n";
			showEnvVarsInLog = 0;
		};
		A03E5208C413DD59C8D28869 /* [CP] Embed Pods Frameworks */ = {
			isa = PBXShellScriptBuildPhase;
			buildActionMask = 2147483647;
			files = (
			);
			inputPaths = (
				"${SRCROOT}/Pods/Target Support Files/Pods-MapFindHouse/Pods-MapFindHouse-frameworks.sh",
				"${BUILT_PRODUCTS_DIR}/AFNetworking/AFNetworking.framework",
				"${BUILT_PRODUCTS_DIR}/SDAutoLayout/SDAutoLayout.framework",
				"${BUILT_PRODUCTS_DIR}/SDCycleScrollView/SDCycleScrollView.framework",
				"${BUILT_PRODUCTS_DIR}/SDWebImage/SDWebImage.framework",
			);
			name = "[CP] Embed Pods Frameworks";
			outputPaths = (
				"${TARGET_BUILD_DIR}/${FRAMEWORKS_FOLDER_PATH}/AFNetworking.framework",
				"${TARGET_BUILD_DIR}/${FRAMEWORKS_FOLDER_PATH}/SDAutoLayout.framework",
				"${TARGET_BUILD_DIR}/${FRAMEWORKS_FOLDER_PATH}/SDCycleScrollView.framework",
				"${TARGET_BUILD_DIR}/${FRAMEWORKS_FOLDER_PATH}/SDWebImage.framework",
			);
			runOnlyForDeploymentPostprocessing = 0;
			shellPath = /bin/sh;
			shellScript = "\"${SRCROOT}/Pods/Target Support Files/Pods-MapFindHouse/Pods-MapFindHouse-frameworks.sh\"\n";
			showEnvVarsInLog = 0;
		};
/* End PBXShellScriptBuildPhase section */

/* Begin PBXSourcesBuildPhase section */
		AAC3749420E1D69800FF0336 /* Sources */ = {
			isa = PBXSourcesBuildPhase;
			buildActionMask = 2147483647;
			files = (
				AAC374A020E1D69800FF0336 /* ViewController.m in Sources */,
				AAC374AB20E1D69900FF0336 /* main.m in Sources */,
				AAC3749D20E1D69800FF0336 /* AppDelegate.m in Sources */,
			);
			runOnlyForDeploymentPostprocessing = 0;
		};
/* End PBXSourcesBuildPhase section */

/* Begin PBXVariantGroup section */
		AAC374A120E1D69800FF0336 /* Main.storyboard */ = {
			isa = PBXVariantGroup;
			children = (
				AAC374A220E1D69800FF0336 /* Base */,
			);
			name = Main.storyboard;
			sourceTree = "<group>";
		};
		AAC374A620E1D69900FF0336 /* LaunchScreen.storyboard */ = {
			isa = PBXVariantGroup;
			children = (
				AAC374A720E1D69900FF0336 /* Base */,
			);
			name = LaunchScreen.storyboard;
			sourceTree = "<group>";
		};
/* End PBXVariantGroup section */

/* Begin XCBuildConfiguration section */
		AAC374AC20E1D69900FF0336 /* Debug */ = {
			isa = XCBuildConfiguration;
			buildSettings = {
				ALWAYS_SEARCH_USER_PATHS = NO;
				CLANG_ANALYZER_NONNULL = YES;
				CLANG_ANALYZER_NUMBER_OBJECT_CONVERSION = YES_AGGRESSIVE;
				CLANG_CXX_LANGUAGE_STANDARD = "gnu++14";
				CLANG_CXX_LIBRARY = "libc++";
				CLANG_ENABLE_MODULES = YES;
				CLANG_ENABLE_OBJC_ARC = YES;
				CLANG_ENABLE_OBJC_WEAK = YES;
				CLANG_WARN_BLOCK_CAPTURE_AUTORELEASING = YES;
				CLANG_WARN_BOOL_CONVERSION = YES;
				CLANG_WARN_COMMA = YES;
				CLANG_WARN_CONSTANT_CONVERSION = YES;
				CLANG_WARN_DEPRECATED_OBJC_IMPLEMENTATIONS = YES;
				CLANG_WARN_DIRECT_OBJC_ISA_USAGE = YES_ERROR;
				CLANG_WARN_DOCUMENTATION_COMMENTS = YES;
				CLANG_WARN_EMPTY_BODY = YES;
				CLANG_WARN_ENUM_CONVERSION = YES;
				CLANG_WARN_INFINITE_RECURSION = YES;
				CLANG_WARN_INT_CONVERSION = YES;
				CLANG_WARN_NON_LITERAL_NULL_CONVERSION = YES;
				CLANG_WARN_OBJC_IMPLICIT_RETAIN_SELF = YES;
				CLANG_WARN_OBJC_LITERAL_CONVERSION = YES;
				CLANG_WARN_OBJC_ROOT_CLASS = YES_ERROR;
				CLANG_WARN_RANGE_LOOP_ANALYSIS = YES;
				CLANG_WARN_STRICT_PROTOTYPES = YES;
				CLANG_WARN_SUSPICIOUS_MOVE = YES;
				CLANG_WARN_UNGUARDED_AVAILABILITY = YES_AGGRESSIVE;
				CLANG_WARN_UNREACHABLE_CODE = YES;
				CLANG_WARN__DUPLICATE_METHOD_MATCH = YES;
				CODE_SIGN_IDENTITY = "iPhone Developer";
				COPY_PHASE_STRIP = NO;
				DEBUG_INFORMATION_FORMAT = dwarf;
				ENABLE_STRICT_OBJC_MSGSEND = YES;
				ENABLE_TESTABILITY = YES;
				GCC_C_LANGUAGE_STANDARD = gnu11;
				GCC_DYNAMIC_NO_PIC = NO;
				GCC_NO_COMMON_BLOCKS = YES;
				GCC_OPTIMIZATION_LEVEL = 0;
				GCC_PREPROCESSOR_DEFINITIONS = (
					"DEBUG=1",
					"$(inherited)",
				);
				GCC_WARN_64_TO_32_BIT_CONVERSION = YES;
				GCC_WARN_ABOUT_RETURN_TYPE = YES_ERROR;
				GCC_WARN_UNDECLARED_SELECTOR = YES;
				GCC_WARN_UNINITIALIZED_AUTOS = YES_AGGRESSIVE;
				GCC_WARN_UNUSED_FUNCTION = YES;
				GCC_WARN_UNUSED_VARIABLE = YES;
				IPHONEOS_DEPLOYMENT_TARGET = 11.3;
				MTL_ENABLE_DEBUG_INFO = YES;
				ONLY_ACTIVE_ARCH = YES;
				SDKROOT = iphoneos;
			};
			name = Debug;
		};
		AAC374AD20E1D69900FF0336 /* Release */ = {
			isa = XCBuildConfiguration;
			buildSettings = {
				ALWAYS_SEARCH_USER_PATHS = NO;
				CLANG_ANALYZER_NONNULL = YES;
				CLANG_ANALYZER_NUMBER_OBJECT_CONVERSION = YES_AGGRESSIVE;
				CLANG_CXX_LANGUAGE_STANDARD = "gnu++14";
				CLANG_CXX_LIBRARY = "libc++";
				CLANG_ENABLE_MODULES = YES;
				CLANG_ENABLE_OBJC_ARC = YES;
				CLANG_ENABLE_OBJC_WEAK = YES;
				CLANG_WARN_BLOCK_CAPTURE_AUTORELEASING = YES;
				CLANG_WARN_BOOL_CONVERSION = YES;
				CLANG_WARN_COMMA = YES;
				CLANG_WARN_CONSTANT_CONVERSION = YES;
				CLANG_WARN_DEPRECATED_OBJC_IMPLEMENTATIONS = YES;
				CLANG_WARN_DIRECT_OBJC_ISA_USAGE = YES_ERROR;
				CLANG_WARN_DOCUMENTATION_COMMENTS = YES;
				CLANG_WARN_EMPTY_BODY = YES;
				CLANG_WARN_ENUM_CONVERSION = YES;
				CLANG_WARN_INFINITE_RECURSION = YES;
				CLANG_WARN_INT_CONVERSION = YES;
				CLANG_WARN_NON_LITERAL_NULL_CONVERSION = YES;
				CLANG_WARN_OBJC_IMPLICIT_RETAIN_SELF = YES;
				CLANG_WARN_OBJC_LITERAL_CONVERSION = YES;
				CLANG_WARN_OBJC_ROOT_CLASS = YES_ERROR;
				CLANG_WARN_RANGE_LOOP_ANALYSIS = YES;
				CLANG_WARN_STRICT_PROTOTYPES = YES;
				CLANG_WARN_SUSPICIOUS_MOVE = YES;
				CLANG_WARN_UNGUARDED_AVAILABILITY = YES_AGGRESSIVE;
				CLANG_WARN_UNREACHABLE_CODE = YES;
				CLANG_WARN__DUPLICATE_METHOD_MATCH = YES;
				CODE_SIGN_IDENTITY = "iPhone Developer";
				COPY_PHASE_STRIP = NO;
				DEBUG_INFORMATION_FORMAT = "dwarf-with-dsym";
				ENABLE_NS_ASSERTIONS = NO;
				ENABLE_STRICT_OBJC_MSGSEND = YES;
				GCC_C_LANGUAGE_STANDARD = gnu11;
				GCC_NO_COMMON_BLOCKS = YES;
				GCC_WARN_64_TO_32_BIT_CONVERSION = YES;
				GCC_WARN_ABOUT_RETURN_TYPE = YES_ERROR;
				GCC_WARN_UNDECLARED_SELECTOR = YES;
				GCC_WARN_UNINITIALIZED_AUTOS = YES_AGGRESSIVE;
				GCC_WARN_UNUSED_FUNCTION = YES;
				GCC_WARN_UNUSED_VARIABLE = YES;
				IPHONEOS_DEPLOYMENT_TARGET = 11.3;
				MTL_ENABLE_DEBUG_INFO = NO;
				SDKROOT = iphoneos;
				VALIDATE_PRODUCT = YES;
			};
			name = Release;
		};
		AAC374AF20E1D69900FF0336 /* Debug */ = {
			isa = XCBuildConfiguration;
			baseConfigurationReference = A281F9F1881EB7AEECD024E3 /* Pods-MapFindHouse.debug.xcconfig */;
			buildSettings = {
				ASSETCATALOG_COMPILER_APPICON_NAME = AppIcon;
				CODE_SIGN_STYLE = Automatic;
				DEVELOPMENT_TEAM = NL2Y33F84L;
				INFOPLIST_FILE = MapFindHouse/Info.plist;
				LD_RUNPATH_SEARCH_PATHS = "$(inherited) @executable_path/Frameworks";
				PRODUCT_BUNDLE_IDENTIFIER = fuzhangwang.cn.MapFindHouse;
				PRODUCT_NAME = "$(TARGET_NAME)";
				TARGETED_DEVICE_FAMILY = "1,2";
			};
			name = Debug;
		};
		AAC374B020E1D69900FF0336 /* Release */ = {
			isa = XCBuildConfiguration;
			baseConfigurationReference = C2C6B4C1138B16427E1073EF /* Pods-MapFindHouse.release.xcconfig */;
			buildSettings = {
				ASSETCATALOG_COMPILER_APPICON_NAME = AppIcon;
				CODE_SIGN_STYLE = Automatic;
				DEVELOPMENT_TEAM = NL2Y33F84L;
				INFOPLIST_FILE = MapFindHouse/Info.plist;
				LD_RUNPATH_SEARCH_PATHS = "$(inherited) @executable_path/Frameworks";
				PRODUCT_BUNDLE_IDENTIFIER = fuzhangwang.cn.MapFindHouse;
				PRODUCT_NAME = "$(TARGET_NAME)";
				TARGETED_DEVICE_FAMILY = "1,2";
			};
			name = Release;
		};
/* End XCBuildConfiguration section */

/* Begin XCConfigurationList section */
		AAC3749320E1D69800FF0336 /* Build configuration list for PBXProject "MapFindHouse" */ = {
			isa = XCConfigurationList;
			buildConfigurations = (
				AAC374AC20E1D69900FF0336 /* Debug */,
				AAC374AD20E1D69900FF0336 /* Release */,
			);
			defaultConfigurationIsVisible = 0;
			defaultConfigurationName = Release;
		};
		AAC374AE20E1D69900FF0336 /* Build configuration list for PBXNativeTarget "MapFindHouse" */ = {
			isa = XCConfigurationList;
			buildConfigurations = (
				AAC374AF20E1D69900FF0336 /* Debug */,
				AAC374B020E1D69900FF0336 /* Release */,
			);
			defaultConfigurationIsVisible = 0;
			defaultConfigurationName = Release;
		};
/* End XCConfigurationList section */
	};
	rootObject = AAC3749020E1D69800FF0336 /* Project object */;
}
